
Microsoft Visual Studio Solution File, Format Version 12.00
# Visual Studio Version 16
VisualStudioVersion = 16.0.29009.5
MinimumVisualStudioVersion = 10.0.40219.1
Project("{FAE04EC0-301F-11D3-BF4B-00C04F79EFBC}") = "AuthenticationJWT", "AuthenticationJWT\AuthenticationJWT.csproj", "{AFE84F4A-70B3-4C44-81D5-FF2E0317207C}"
EndProject
Global
	GlobalSection(SolutionConfigurationPlatforms) = preSolution
		Debug|Any CPU = Debug|Any CPU
		Release|Any CPU = Release|Any CPU
	EndGlobalSection
	GlobalSection(ProjectConfigurationPlatforms) = postSolution
		{AFE84F4A-70B3-4C44-81D5-FF2E0317207C}.Debug|Any CPU.ActiveCfg = Debug|Any CPU
		{AFE84F4A-70B3-4C44-81D5-FF2E0317207C}.Debug|Any CPU.Build.0 = Debug|Any CPU
		{AFE84F4A-70B3-4C44-81D5-FF2E0317207C}.Release|Any CPU.ActiveCfg = Release|Any CPU
		{AFE84F4A-70B3-4C44-81D5-FF2E0317207C}.Release|Any CPU.Build.0 = Release|Any CPU
	EndGlobalSection
	GlobalSection(SolutionProperties) = preSolution
		HideSolutionNode = FALSE
	EndGlobalSection
	GlobalSection(ExtensibilityGlobals) = postSolution
		SolutionGuid = {D7B78872-A207-4976-8E8C-4CD65452F22A}
	EndGlobalSection
EndGlobal
